// !$*UTF8*$!
{
	archiveVersion = 1;
	classes = {
	};
	objectVersion = 50;
	objects = {

/* Begin PBXBuildFile section */
		7F19C0DB258224F2004E7B18 /* TrafficLight.swift in Sources */ = {isa = PBXBuildFile; fileRef = 7F19C0DA258224F2004E7B18 /* TrafficLight.swift */; };
		7F19C0DD258224F8004E7B18 /* Assets.xcassets in Resources */ = {isa = PBXBuildFile; fileRef = 7F19C0DC258224F8004E7B18 /* Assets.xcassets */; };
		7F19C0E0258224F8004E7B18 /* Preview Assets.xcassets in Resources */ = {isa = PBXBuildFile; fileRef = 7F19C0DF258224F8004E7B18 /* Preview Assets.xcassets */; };
		7F19C0E9258225CE004E7B18 /* CircleView.swift in Sources */ = {isa = PBXBuildFile; fileRef = 7F19C0E8258225CE004E7B18 /* CircleView.swift */; };
		7F19C0ED2582285E004E7B18 /* ButtonView.swift in Sources */ = {isa = PBXBuildFile; fileRef = 7F19C0EC2582285E004E7B18 /* ButtonView.swift */; };
		7F19C0F225823525004E7B18 /* HW-3-1-traffic-light.swift in Sources */ = {isa = PBXBuildFile; fileRef = 7F19C0F125823525004E7B18 /* HW-3-1-traffic-light.swift */; };
		7F421F4525838E4D001475A8 /* TrafficLightImage.swift in Sources */ = {isa = PBXBuildFile; fileRef = 7F421F4425838E4D001475A8 /* TrafficLightImage.swift */; };
		7F421F4925838E9D001475A8 /* CustomBacground.swift in Sources */ = {isa = PBXBuildFile; fileRef = 7F421F4825838E9D001475A8 /* CustomBacground.swift */; };
		7F9B229425841C26006E3545 /* PlaySound.swift in Sources */ = {isa = PBXBuildFile; fileRef = 7F9B229325841C26006E3545 /* PlaySound.swift */; };
		7F9B229725841E58006E3545 /* Ringtone.mp3 in Resources */ = {isa = PBXBuildFile; fileRef = 7F9B229625841E58006E3545 /* Ringtone.mp3 */; };
/* End PBXBuildFile section */

/* Begin PBXFileReference section */
		7F19C0D5258224F2004E7B18 /* HW 3.1 traffic light.app */ = {isa = PBXFileReference; explicitFileType = wrapper.application; includeInIndex = 0; path = "HW 3.1 traffic light.app"; sourceTree = BUILT_PRODUCTS_DIR; };
		7F19C0DA258224F2004E7B18 /* TrafficLight.swift */ = {isa = PBXFileReference; lastKnownFileType = sourcecode.swift; path = TrafficLight.swift; sourceTree = "<group>"; };
		7F19C0DC258224F8004E7B18 /* Assets.xcassets */ = {isa = PBXFileReference; lastKnownFileType = folder.assetcatalog; path = Assets.xcassets; sourceTree = "<group>"; };
		7F19C0DF258224F8004E7B18 /* Preview Assets.xcassets */ = {isa = PBXFileReference; lastKnownFileType = folder.assetcatalog; path = "Preview Assets.xcassets"; sourceTree = "<group>"; };
		7F19C0E1258224F8004E7B18 /* Info.plist */ = {isa = PBXFileReference; lastKnownFileType = text.plist.xml; path = Info.plist; sourceTree = "<group>"; };
		7F19C0E8258225CE004E7B18 /* CircleView.swift */ = {isa = PBXFileReference; lastKnownFileType = sourcecode.swift; path = CircleView.swift; sourceTree = "<group>"; };
		7F19C0EC2582285E004E7B18 /* ButtonView.swift */ = {isa = PBXFileReference; lastKnownFileType = sourcecode.swift; path = ButtonView.swift; sourceTree = "<group>"; };
		7F19C0F125823525004E7B18 /* HW-3-1-traffic-light.swift */ = {isa = PBXFileReference; lastKnownFileType = sourcecode.swift; path = "HW-3-1-traffic-light.swift"; sourceTree = "<group>"; };
		7F421F4425838E4D001475A8 /* TrafficLightImage.swift */ = {isa = PBXFileReference; lastKnownFileType = sourcecode.swift; path = TrafficLightImage.swift; sourceTree = "<group>"; };
		7F421F4825838E9D001475A8 /* CustomBacground.swift */ = {isa = PBXFileReference; lastKnownFileType = sourcecode.swift; path = CustomBacground.swift; sourceTree = "<group>"; };
		7F9B229325841C26006E3545 /* PlaySound.swift */ = {isa = PBXFileReference; lastKnownFileType = sourcecode.swift; path = PlaySound.swift; sourceTree = "<group>"; };
		7F9B229625841E58006E3545 /* Ringtone.mp3 */ = {isa = PBXFileReference; lastKnownFileType = audio.mp3; path = Ringtone.mp3; sourceTree = "<group>"; };
/* End PBXFileReference section */

/* Begin PBXFrameworksBuildPhase section */
		7F19C0D2258224F2004E7B18 /* Frameworks */ = {
			isa = PBXFrameworksBuildPhase;
			buildActionMask = 2147483647;
			files = (
			);
			runOnlyForDeploymentPostprocessing = 0;
		};
/* End PBXFrameworksBuildPhase section */

/* Begin PBXGroup section */
		7F19C0CC258224F1004E7B18 = {
			isa = PBXGroup;
			children = (
				7F19C0D7258224F2004E7B18 /* HW 3.1 traffic light */,
				7F19C0D6258224F2004E7B18 /* Products */,
			);
			sourceTree = "<group>";
		};
		7F19C0D6258224F2004E7B18 /* Products */ = {
			isa = PBXGroup;
			children = (
				7F19C0D5258224F2004E7B18 /* HW 3.1 traffic light.app */,
			);
			name = Products;
			sourceTree = "<group>";
		};
		7F19C0D7258224F2004E7B18 /* HW 3.1 traffic light */ = {
			isa = PBXGroup;
			children = (
				7F19C0DA258224F2004E7B18 /* TrafficLight.swift */,
				7F9B228E25841840006E3545 /* Music */,
				7F9B228A258416FA006E3545 /* Components */,
				7F421F4C25839846001475A8 /* System */,
			);
			path = "HW 3.1 traffic light";
			sourceTree = "<group>";
		};
		7F19C0DE258224F8004E7B18 /* Preview Content */ = {
			isa = PBXGroup;
			children = (
				7F19C0DF258224F8004E7B18 /* Preview Assets.xcassets */,
			);
			path = "Preview Content";
			sourceTree = "<group>";
		};
		7F421F4C25839846001475A8 /* System */ = {
			isa = PBXGroup;
			children = (
				7F19C0F125823525004E7B18 /* HW-3-1-traffic-light.swift */,
				7F19C0DC258224F8004E7B18 /* Assets.xcassets */,
				7F19C0E1258224F8004E7B18 /* Info.plist */,
				7F19C0DE258224F8004E7B18 /* Preview Content */,
			);
			path = System;
			sourceTree = "<group>";
		};
		7F9B228A258416FA006E3545 /* Components */ = {
			isa = PBXGroup;
			children = (
				7F421F4825838E9D001475A8 /* CustomBacground.swift */,
				7F421F4425838E4D001475A8 /* TrafficLightImage.swift */,
				7F19C0E8258225CE004E7B18 /* CircleView.swift */,
				7F19C0EC2582285E004E7B18 /* ButtonView.swift */,
			);
			path = Components;
			sourceTree = "<group>";
		};
		7F9B228E25841840006E3545 /* Music */ = {
			isa = PBXGroup;
			children = (
				7F9B229625841E58006E3545 /* Ringtone.mp3 */,
				7F9B229325841C26006E3545 /* PlaySound.swift */,
			);
			path = Music;
			sourceTree = "<group>";
		};
/* End PBXGroup section */

/* Begin PBXNativeTarget section */
		7F19C0D4258224F2004E7B18 /* HW 3.1 traffic light */ = {
			isa = PBXNativeTarget;
			buildConfigurationList = 7F19C0E4258224F8004E7B18 /* Build configuration list for PBXNativeTarget "HW 3.1 traffic light" */;
			buildPhases = (
				7F19C0D1258224F2004E7B18 /* Sources */,
				7F19C0D2258224F2004E7B18 /* Frameworks */,
				7F19C0D3258224F2004E7B18 /* Resources */,
			);
			buildRules = (
			);
			dependencies = (
			);
			name = "HW 3.1 traffic light";
			productName = "HW 3.1 traffic light";
			productReference = 7F19C0D5258224F2004E7B18 /* HW 3.1 traffic light.app */;
			productType = "com.apple.product-type.application";
		};
/* End PBXNativeTarget section */

/* Begin PBXProject section */
		7F19C0CD258224F2004E7B18 /* Project object */ = {
			isa = PBXProject;
			attributes = {
				LastSwiftUpdateCheck = 1220;
				LastUpgradeCheck = 1220;
				TargetAttributes = {
					7F19C0D4258224F2004E7B18 = {
						CreatedOnToolsVersion = 12.2;
					};
				};
			};
			buildConfigurationList = 7F19C0D0258224F2004E7B18 /* Build configuration list for PBXProject "HW 3.1 traffic light" */;
			compatibilityVersion = "Xcode 9.3";
			developmentRegion = en;
			hasScannedForEncodings = 0;
			knownRegions = (
				en,
				Base,
			);
			mainGroup = 7F19C0CC258224F1004E7B18;
			productRefGroup = 7F19C0D6258224F2004E7B18 /* Products */;
			projectDirPath = "";
			projectRoot = "";
			targets = (
				7F19C0D4258224F2004E7B18 /* HW 3.1 traffic light */,
			);
		};
/* End PBXProject section */

/* Begin PBXResourcesBuildPhase section */
		7F19C0D3258224F2004E7B18 /* Resources */ = {
			isa = PBXResourcesBuildPhase;
			buildActionMask = 2147483647;
			files = (
				7F9B229725841E58006E3545 /* Ringtone.mp3 in Resources */,
				7F19C0E0258224F8004E7B18 /* Preview Assets.xcassets in Resources */,
				7F19C0DD258224F8004E7B18 /* Assets.xcassets in Resources */,
			);
			runOnlyForDeploymentPostprocessing = 0;
		};
/* End PBXResourcesBuildPhase section */

/* Begin PBXSourcesBuildPhase section */
		7F19C0D1258224F2004E7B18 /* Sources */ = {
			isa = PBXSourcesBuildPhase;
			buildActionMask = 2147483647;
			files = (
				7F19C0E9258225CE004E7B18 /* CircleView.swift in Sources */,
				7F9B229425841C26006E3545 /* PlaySound.swift in Sources */,
				7F421F4925838E9D001475A8 /* CustomBacground.swift in Sources */,
				7F19C0DB258224F2004E7B18 /* TrafficLight.swift in Sources */,
				7F19C0F225823525004E7B18 /* HW-3-1-traffic-light.swift in Sources */,
				7F19C0ED2582285E004E7B18 /* ButtonView.swift in Sources */,
				7F421F4525838E4D001475A8 /* TrafficLightImage.swift in Sources */,
			);
			runOnlyForDeploymentPostprocessing = 0;
		};
/* End PBXSourcesBuildPhase section */

/* Begin XCBuildConfiguration section */
		7F19C0E2258224F8004E7B18 /* Debug */ = {
			isa = XCBuildConfiguration;
			buildSettings = {
				ALWAYS_SEARCH_USER_PATHS = NO;
				CLANG_ANALYZER_NONNULL = YES;
				CLANG_ANALYZER_NUMBER_OBJECT_CONVERSION = YES_AGGRESSIVE;
				CLANG_CXX_LANGUAGE_STANDARD = "gnu++14";
				CLANG_CXX_LIBRARY = "libc++";
				CLANG_ENABLE_MODULES = YES;
				CLANG_ENABLE_OBJC_ARC = YES;
				CLANG_ENABLE_OBJC_WEAK = YES;
				CLANG_WARN_BLOCK_CAPTURE_AUTORELEASING = YES;
				CLANG_WARN_BOOL_CONVERSION = YES;
				CLANG_WARN_COMMA = YES;
				CLANG_WARN_CONSTANT_CONVERSION = YES;
				CLANG_WARN_DEPRECATED_OBJC_IMPLEMENTATIONS = YES;
				CLANG_WARN_DIRECT_OBJC_ISA_USAGE = YES_ERROR;
				CLANG_WARN_DOCUMENTATION_COMMENTS = YES;
				CLANG_WARN_EMPTY_BODY = YES;
				CLANG_WARN_ENUM_CONVERSION = YES;
				CLANG_WARN_INFINITE_RECURSION = YES;
				CLANG_WARN_INT_CONVERSION = YES;
				CLANG_WARN_NON_LITERAL_NULL_CONVERSION = YES;
				CLANG_WARN_OBJC_IMPLICIT_RETAIN_SELF = YES;
				CLANG_WARN_OBJC_LITERAL_CONVERSION = YES;
				CLANG_WARN_OBJC_ROOT_CLASS = YES_ERROR;
				CLANG_WARN_QUOTED_INCLUDE_IN_FRAMEWORK_HEADER = YES;
				CLANG_WARN_RANGE_LOOP_ANALYSIS = YES;
				CLANG_WARN_STRICT_PROTOTYPES = YES;
				CLANG_WARN_SUSPICIOUS_MOVE = YES;
				CLANG_WARN_UNGUARDED_AVAILABILITY = YES_AGGRESSIVE;
				CLANG_WARN_UNREACHABLE_CODE = YES;
				CLANG_WARN__DUPLICATE_METHOD_MATCH = YES;
				COPY_PHASE_STRIP = NO;
				DEBUG_INFORMATION_FORMAT = dwarf;
				ENABLE_STRICT_OBJC_MSGSEND = YES;
				ENABLE_TESTABILITY = YES;
				GCC_C_LANGUAGE_STANDARD = gnu11;
				GCC_DYNAMIC_NO_PIC = NO;
				GCC_NO_COMMON_BLOCKS = YES;
				GCC_OPTIMIZATION_LEVEL = 0;
				GCC_PREPROCESSOR_DEFINITIONS = (
					"DEBUG=1",
					"$(inherited)",
				);
				GCC_WARN_64_TO_32_BIT_CONVERSION = YES;
				GCC_WARN_ABOUT_RETURN_TYPE = YES_ERROR;
				GCC_WARN_UNDECLARED_SELECTOR = YES;
				GCC_WARN_UNINITIALIZED_AUTOS = YES_AGGRESSIVE;
				GCC_WARN_UNUSED_FUNCTION = YES;
				GCC_WARN_UNUSED_VARIABLE = YES;
				IPHONEOS_DEPLOYMENT_TARGET = 14.2;
				MTL_ENABLE_DEBUG_INFO = INCLUDE_SOURCE;
				MTL_FAST_MATH = YES;
				ONLY_ACTIVE_ARCH = YES;
				SDKROOT = iphoneos;
				SWIFT_ACTIVE_COMPILATION_CONDITIONS = DEBUG;
				SWIFT_OPTIMIZATION_LEVEL = "-Onone";
			};
			name = Debug;
		};
		7F19C0E3258224F8004E7B18 /* Release */ = {
			isa = XCBuildConfiguration;
			buildSettings = {
				ALWAYS_SEARCH_USER_PATHS = NO;
				CLANG_ANALYZER_NONNULL = YES;
				CLANG_ANALYZER_NUMBER_OBJECT_CONVERSION = YES_AGGRESSIVE;
				CLANG_CXX_LANGUAGE_STANDARD = "gnu++14";
				CLANG_CXX_LIBRARY = "libc++";
				CLANG_ENABLE_MODULES = YES;
				CLANG_ENABLE_OBJC_ARC = YES;
				CLANG_ENABLE_OBJC_WEAK = YES;
				CLANG_WARN_BLOCK_CAPTURE_AUTORELEASING = YES;
				CLANG_WARN_BOOL_CONVERSION = YES;
				CLANG_WARN_COMMA = YES;
				CLANG_WARN_CONSTANT_CONVERSION = YES;
				CLANG_WARN_DEPRECATED_OBJC_IMPLEMENTATIONS = YES;
				CLANG_WARN_DIRECT_OBJC_ISA_USAGE = YES_ERROR;
				CLANG_WARN_DOCUMENTATION_COMMENTS = YES;
				CLANG_WARN_EMPTY_BODY = YES;
				CLANG_WARN_ENUM_CONVERSION = YES;
				CLANG_WARN_INFINITE_RECURSION = YES;
				CLANG_WARN_INT_CONVERSION = YES;
				CLANG_WARN_NON_LITERAL_NULL_CONVERSION = YES;
				CLANG_WARN_OBJC_IMPLICIT_RETAIN_SELF = YES;
				CLANG_WARN_OBJC_LITERAL_CONVERSION = YES;
				CLANG_WARN_OBJC_ROOT_CLASS = YES_ERROR;
				CLANG_WARN_QUOTED_INCLUDE_IN_FRAMEWORK_HEADER = YES;
				CLANG_WARN_RANGE_LOOP_ANALYSIS = YES;
				CLANG_WARN_STRICT_PROTOTYPES = YES;
				CLANG_WARN_SUSPICIOUS_MOVE = YES;
				CLANG_WARN_UNGUARDED_AVAILABILITY = YES_AGGRESSIVE;
				CLANG_WARN_UNREACHABLE_CODE = YES;
				CLANG_WARN__DUPLICATE_METHOD_MATCH = YES;
				COPY_PHASE_STRIP = NO;
				DEBUG_INFORMATION_FORMAT = "dwarf-with-dsym";
				ENABLE_NS_ASSERTIONS = NO;
				ENABLE_STRICT_OBJC_MSGSEND = YES;
				GCC_C_LANGUAGE_STANDARD = gnu11;
				GCC_NO_COMMON_BLOCKS = YES;
				GCC_WARN_64_TO_32_BIT_CONVERSION = YES;
				GCC_WARN_ABOUT_RETURN_TYPE = YES_ERROR;
				GCC_WARN_UNDECLARED_SELECTOR = YES;
				GCC_WARN_UNINITIALIZED_AUTOS = YES_AGGRESSIVE;
				GCC_WARN_UNUSED_FUNCTION = YES;
				GCC_WARN_UNUSED_VARIABLE = YES;
				IPHONEOS_DEPLOYMENT_TARGET = 14.2;
				MTL_ENABLE_DEBUG_INFO = NO;
				MTL_FAST_MATH = YES;
				SDKROOT = iphoneos;
				SWIFT_COMPILATION_MODE = wholemodule;
				SWIFT_OPTIMIZATION_LEVEL = "-O";
				VALIDATE_PRODUCT = YES;
			};
			name = Release;
		};
		7F19C0E5258224F8004E7B18 /* Debug */ = {
			isa = XCBuildConfiguration;
			buildSettings = {
				ASSETCATALOG_COMPILER_APPICON_NAME = AppIcon;
				ASSETCATALOG_COMPILER_GLOBAL_ACCENT_COLOR_NAME = AccentColor;
				CODE_SIGN_STYLE = Automatic;
				DEVELOPMENT_ASSET_PATHS = "\"HW 3.1 traffic light/System/Preview Content\"";
				DEVELOPMENT_TEAM = WM9XM3NC73;
				ENABLE_PREVIEWS = YES;
				INFOPLIST_FILE = "HW 3.1 traffic light/System/Info.plist";
				IPHONEOS_DEPLOYMENT_TARGET = 14.0;
				LD_RUNPATH_SEARCH_PATHS = (
					"$(inherited)",
					"@executable_path/Frameworks",
				);
				PRODUCT_BUNDLE_IDENTIFIER = "Tokarev-Dmitry.HW-3-1-traffic-light";
				PRODUCT_NAME = "$(TARGET_NAME)";
				SWIFT_VERSION = 5.0;
				TARGETED_DEVICE_FAMILY = 1;
			};
			name = Debug;
		};
		7F19C0E6258224F8004E7B18 /* Release */ = {
			isa = XCBuildConfiguration;
			buildSettings = {
				ASSETCATALOG_COMPILER_APPICON_NAME = AppIcon;
				ASSETCATALOG_COMPILER_GLOBAL_ACCENT_COLOR_NAME = AccentColor;
				CODE_SIGN_STYLE = Automatic;
				DEVELOPMENT_ASSET_PATHS = "\"HW 3.1 traffic light/System/Preview Content\"";
				DEVELOPMENT_TEAM = WM9XM3NC73;
				ENABLE_PREVIEWS = YES;
				INFOPLIST_FILE = "HW 3.1 traffic light/System/Info.plist";
				IPHONEOS_DEPLOYMENT_TARGET = 14.0;
				LD_RUNPATH_SEARCH_PATHS = (
					"$(inherited)",
					"@executable_path/Frameworks",
				);
				PRODUCT_BUNDLE_IDENTIFIER = "Tokarev-Dmitry.HW-3-1-traffic-light";
				PRODUCT_NAME = "$(TARGET_NAME)";
				SWIFT_VERSION = 5.0;
				TARGETED_DEVICE_FAMILY = 1;
			};
			name = Release;
		};
/* End XCBuildConfiguration section */

/* Begin XCConfigurationList section */
		7F19C0D0258224F2004E7B18 /* Build configuration list for PBXProject "HW 3.1 traffic light" */ = {
			isa = XCConfigurationList;
			buildConfigurations = (
				7F19C0E2258224F8004E7B18 /* Debug */,
				7F19C0E3258224F8004E7B18 /* Release */,
			);
			defaultConfigurationIsVisible = 0;
			defaultConfigurationName = Release;
		};
		7F19C0E4258224F8004E7B18 /* Build configuration list for PBXNativeTarget "HW 3.1 traffic light" */ = {
			isa = XCConfigurationList;
			buildConfigurations = (
				7F19C0E5258224F8004E7B18 /* Debug */,
				7F19C0E6258224F8004E7B18 /* Release */,
			);
			defaultConfigurationIsVisible = 0;
			defaultConfigurationName = Release;
		};
/* End XCConfigurationList section */
	};
	rootObject = 7F19C0CD258224F2004E7B18 /* Project object */;
}
